
Microsoft Visual Studio Solution File, Format Version 12.00
# Visual Studio Version 17
VisualStudioVersion = 17.0.31612.314
MinimumVisualStudioVersion = 10.0.40219.1
Project("{9A19103F-16F7-4668-BE54-9A1E7A4F7556}") = "unit test", "unit test\unit test.csproj", "{EB49321C-74FC-4C71-B9A8-8ACE183A740D}"
EndProject
Project("{9A19103F-16F7-4668-BE54-9A1E7A4F7556}") = "NepaliDateConverter", "NepaliDateConverter\NepaliDateConverter.csproj", "{13600402-DCF9-4E83-B4FA-6A2316CA43BD}"
EndProject
Global
	GlobalSection(SolutionConfigurationPlatforms) = preSolution
		Debug|Any CPU = Debug|Any CPU
		Release|Any CPU = Release|Any CPU
	EndGlobalSection
	GlobalSection(ProjectConfigurationPlatforms) = postSolution
		{EB49321C-74FC-4C71-B9A8-8ACE183A740D}.Debug|Any CPU.ActiveCfg = Debug|Any CPU
		{EB49321C-74FC-4C71-B9A8-8ACE183A740D}.Debug|Any CPU.Build.0 = Debug|Any CPU
		{EB49321C-74FC-4C71-B9A8-8ACE183A740D}.Release|Any CPU.ActiveCfg = Release|Any CPU
		{EB49321C-74FC-4C71-B9A8-8ACE183A740D}.Release|Any CPU.Build.0 = Release|Any CPU
		{13600402-DCF9-4E83-B4FA-6A2316CA43BD}.Debug|Any CPU.ActiveCfg = Debug|Any CPU
		{13600402-DCF9-4E83-B4FA-6A2316CA43BD}.Debug|Any CPU.Build.0 = Debug|Any CPU
		{13600402-DCF9-4E83-B4FA-6A2316CA43BD}.Release|Any CPU.ActiveCfg = Release|Any CPU
		{13600402-DCF9-4E83-B4FA-6A2316CA43BD}.Release|Any CPU.Build.0 = Release|Any CPU
	EndGlobalSection
	GlobalSection(SolutionProperties) = preSolution
		HideSolutionNode = FALSE
	EndGlobalSection
	GlobalSection(ExtensibilityGlobals) = postSolution
		SolutionGuid = {9B9A289B-CC65-48FF-89E3-0D4ED56A3E6C}
	EndGlobalSection
EndGlobal
